
Microsoft Visual Studio Solution File, Format Version 12.00
# Visual Studio 15
VisualStudioVersion = 15.0.27130.2036
MinimumVisualStudioVersion = 10.0.40219.1
Project("{FAE04EC0-301F-11D3-BF4B-00C04F79EFBC}") = "TransformMS", "IngameScript1\TransformMS.csproj", "{34EBB06A-252A-4492-B215-8E5A7017FB53}"
EndProject
Project("{FAE04EC0-301F-11D3-BF4B-00C04F79EFBC}") = "flexible_Thruster", "flexible_Thruster\flexible_Thruster.csproj", "{AD10D499-27BC-43E6-98BF-90CF536BEA09}"
EndProject
Project("{FAE04EC0-301F-11D3-BF4B-00C04F79EFBC}") = "TankBeta", "TankBeta\TankBeta.csproj", "{0047F6E5-1A75-4785-8D17-9B5D8A806A8B}"
EndProject
Project("{FAE04EC0-301F-11D3-BF4B-00C04F79EFBC}") = "CustomInfo", "CustomInfo\CustomInfo.csproj", "{B66F1BCD-2807-4222-84A3-A6B0071E1E6C}"
EndProject
Project("{FAE04EC0-301F-11D3-BF4B-00C04F79EFBC}") = "Orbital_Gyrocompassing", "Orbital_Gyrocompassing\Orbital_Gyrocompassing.csproj", "{80BDEF15-EAA4-4CF7-962D-0406A7B7F657}"
EndProject
Project("{FAE04EC0-301F-11D3-BF4B-00C04F79EFBC}") = "UnionRiald", "UnionRiald\UnionRiald.csproj", "{06DAFC5F-F52C-4684-B199-49D7C367BF80}"
EndProject
Project("{FAE04EC0-301F-11D3-BF4B-00C04F79EFBC}") = "MobileWork", "MobileWork\MobileWork.csproj", "{9D3CF140-A02B-42FB-9691-A4FEB6F6C214}"
EndProject
Project("{FAE04EC0-301F-11D3-BF4B-00C04F79EFBC}") = "Savage", "Savage\Savage.csproj", "{F0A51654-7343-41CD-B567-48F71C013070}"
EndProject
Global
	GlobalSection(SolutionConfigurationPlatforms) = preSolution
		Debug|x64 = Debug|x64
	EndGlobalSection
	GlobalSection(ProjectConfigurationPlatforms) = postSolution
		{34EBB06A-252A-4492-B215-8E5A7017FB53}.Debug|x64.ActiveCfg = Debug|x64
		{34EBB06A-252A-4492-B215-8E5A7017FB53}.Debug|x64.Build.0 = Debug|x64
		{AD10D499-27BC-43E6-98BF-90CF536BEA09}.Debug|x64.ActiveCfg = Debug|x64
		{AD10D499-27BC-43E6-98BF-90CF536BEA09}.Debug|x64.Build.0 = Debug|x64
		{0047F6E5-1A75-4785-8D17-9B5D8A806A8B}.Debug|x64.ActiveCfg = Debug|x64
		{0047F6E5-1A75-4785-8D17-9B5D8A806A8B}.Debug|x64.Build.0 = Debug|x64
		{B66F1BCD-2807-4222-84A3-A6B0071E1E6C}.Debug|x64.ActiveCfg = Debug|x64
		{B66F1BCD-2807-4222-84A3-A6B0071E1E6C}.Debug|x64.Build.0 = Debug|x64
		{80BDEF15-EAA4-4CF7-962D-0406A7B7F657}.Debug|x64.ActiveCfg = Debug|x64
		{80BDEF15-EAA4-4CF7-962D-0406A7B7F657}.Debug|x64.Build.0 = Debug|x64
		{06DAFC5F-F52C-4684-B199-49D7C367BF80}.Debug|x64.ActiveCfg = Debug|x64
		{06DAFC5F-F52C-4684-B199-49D7C367BF80}.Debug|x64.Build.0 = Debug|x64
		{9D3CF140-A02B-42FB-9691-A4FEB6F6C214}.Debug|x64.ActiveCfg = Debug|x64
		{9D3CF140-A02B-42FB-9691-A4FEB6F6C214}.Debug|x64.Build.0 = Debug|x64
		{F0A51654-7343-41CD-B567-48F71C013070}.Debug|x64.ActiveCfg = Debug|x64
		{F0A51654-7343-41CD-B567-48F71C013070}.Debug|x64.Build.0 = Debug|x64
	EndGlobalSection
	GlobalSection(SolutionProperties) = preSolution
		HideSolutionNode = FALSE
	EndGlobalSection
	GlobalSection(ExtensibilityGlobals) = postSolution
		SolutionGuid = {365C9B4B-7E89-4187-B85D-3EB834AE97CD}
	EndGlobalSection
EndGlobal
